<?xml version="1.0" encoding="utf-8"?>
<Project ToolsVersion="4.0" xmlns="http://schemas.microsoft.com/developer/msbuild/2003">
  <ItemGroup>
    <Filter Include="LostSouls">
      <UniqueIdentifier>{1DE8B5A0-8952-6A17-D290-1BBD3E3A486C}</UniqueIdentifier>
    </Filter>
  </ItemGroup>
  <ItemGroup>
    <ClInclude Include="src\LostSouls.h" />
    <ClInclude Include="src\LostSouls\Application.h">
      <Filter>LostSouls</Filter>
    </ClInclude>
    <ClInclude Include="src\LostSouls\Core.h">
      <Filter>LostSouls</Filter>
    </ClInclude>
    <ClInclude Include="src\LostSouls\EntryPoint.h">
      <Filter>LostSouls</Filter>
    </ClInclude>
    <ClInclude Include="src\LostSouls\Log.h">
      <Filter>LostSouls</Filter>
    </ClInclude>
  </ItemGroup>
  <ItemGroup>
    <ClCompile Include="src\LostSouls\Application.cpp">
      <Filter>LostSouls</Filter>
    </ClCompile>
    <ClCompile Include="src\LostSouls\Log.cpp">
      <Filter>LostSouls</Filter>
    </ClCompile>
  </ItemGroup>
</Project>