<?xml version="1.0" encoding="utf-8"?>
<Project ToolsVersion="4.0" xmlns="http://schemas.microsoft.com/developer/msbuild/2003">
  <ItemGroup>
    <Filter Include="LostSouls">
      <UniqueIdentifier>{1DE8B5A0-8952-6A17-D290-1BBD3E3A486C}</UniqueIdentifier>
    </Filter>
    <Filter Include="LostSouls\Events">
      <UniqueIdentifier>{61B1EB5A-4DAA-0AAD-76DC-EF316234EAB8}</UniqueIdentifier>
    </Filter>
    <Filter Include="LostSouls\OpenGL">
      <UniqueIdentifier>{B1AED271-9DA7-F1C3-C6D9-D648B231D1CF}</UniqueIdentifier>
    </Filter>
    <Filter Include="Platform">
      <UniqueIdentifier>{2AC788B4-1694-E3BF-3FAD-D1672BD9184E}</UniqueIdentifier>
    </Filter>
    <Filter Include="Platform\OpenGL">
      <UniqueIdentifier>{1E7D2C1D-8A08-9AE1-9319-1DD6FF23F6E1}</UniqueIdentifier>
    </Filter>
    <Filter Include="Platform\Windows">
      <UniqueIdentifier>{64FBD71A-50F4-F66C-7926-DCF1657ED678}</UniqueIdentifier>
    </Filter>
  </ItemGroup>
  <ItemGroup>
    <ClInclude Include="src\LostSouls.h" />
    <ClInclude Include="src\LostSouls\Application.h">
      <Filter>LostSouls</Filter>
    </ClInclude>
    <ClInclude Include="src\LostSouls\Core.h">
      <Filter>LostSouls</Filter>
    </ClInclude>
    <ClInclude Include="src\LostSouls\EntryPoint.h">
      <Filter>LostSouls</Filter>
    </ClInclude>
    <ClInclude Include="src\LostSouls\Events\ApplicationEvent.h">
      <Filter>LostSouls\Events</Filter>
    </ClInclude>
    <ClInclude Include="src\LostSouls\Events\Event.h">
      <Filter>LostSouls\Events</Filter>
    </ClInclude>
    <ClInclude Include="src\LostSouls\Events\KeyEvent.h">
      <Filter>LostSouls\Events</Filter>
    </ClInclude>
    <ClInclude Include="src\LostSouls\Events\MouseEvent.h">
      <Filter>LostSouls\Events</Filter>
    </ClInclude>
    <ClInclude Include="src\LostSouls\Layer.h">
      <Filter>LostSouls</Filter>
    </ClInclude>
    <ClInclude Include="src\LostSouls\LayerStack.h">
      <Filter>LostSouls</Filter>
    </ClInclude>
    <ClInclude Include="src\LostSouls\Log.h">
      <Filter>LostSouls</Filter>
    </ClInclude>
    <ClInclude Include="src\LostSouls\ImGui\ImGuiLayer.h">
      <Filter>LostSouls\OpenGL</Filter>
    </ClInclude>
    <ClInclude Include="src\LostSouls\Window.h">
      <Filter>LostSouls</Filter>
    </ClInclude>
    <ClInclude Include="src\Platform\OpenGL\ImGuiOpenGlRenderer.h">
      <Filter>Platform\OpenGL</Filter>
    </ClInclude>
    <ClInclude Include="src\Platform\Windows\WindowsWindow.h">
      <Filter>Platform\Windows</Filter>
    </ClInclude>
    <ClInclude Include="src\lspch.h" />
    <ClInclude Include="src\LostSouls\Input.h" />
    <ClInclude Include="src\Platform\Windows\WindowsInput.h" />
    <ClInclude Include="src\LostSouls\KeyCodes.h" />
    <ClInclude Include="src\LostSouls\MouseButtonCodes.h" />
  </ItemGroup>
  <ItemGroup>
    <ClCompile Include="src\LostSouls\Application.cpp">
      <Filter>LostSouls</Filter>
    </ClCompile>
    <ClCompile Include="src\LostSouls\Layer.cpp">
      <Filter>LostSouls</Filter>
    </ClCompile>
    <ClCompile Include="src\LostSouls\LayerStack.cpp">
      <Filter>LostSouls</Filter>
    </ClCompile>
    <ClCompile Include="src\LostSouls\Log.cpp">
      <Filter>LostSouls</Filter>
    </ClCompile>
    <ClCompile Include="src\LostSouls\ImGui\ImGuiLayer.cpp">
      <Filter>LostSouls\OpenGL</Filter>
    </ClCompile>
    <ClCompile Include="src\Platform\OpenGL\ImGuiOpenGlRenderer.cpp">
      <Filter>Platform\OpenGL</Filter>
    </ClCompile>
    <ClCompile Include="src\Platform\Windows\WindowsWindow.cpp">
      <Filter>Platform\Windows</Filter>
    </ClCompile>
    <ClCompile Include="src\lspch.cpp" />
    <ClCompile Include="src\Platform\Windows\WindowsInput.cpp" />
  </ItemGroup>
</Project>